
Microsoft Visual Studio Solution File, Format Version 12.00
# Visual Studio Version 16
VisualStudioVersion = 16.0.29505.145
MinimumVisualStudioVersion = 10.0.40219.1
Project("{F184B08F-C81C-45F6-A57F-5ABD9991F28F}") = "vavavoum", "vavavoum\vavavoum.vbproj", "{97070A5B-AFE0-4522-9FB4-C6C687789C24}"
EndProject
Global
	GlobalSection(SolutionConfigurationPlatforms) = preSolution
		Debug|Any CPU = Debug|Any CPU
		Release|Any CPU = Release|Any CPU
	EndGlobalSection
	GlobalSection(ProjectConfigurationPlatforms) = postSolution
		{97070A5B-AFE0-4522-9FB4-C6C687789C24}.Debug|Any CPU.ActiveCfg = Debug|Any CPU
		{97070A5B-AFE0-4522-9FB4-C6C687789C24}.Debug|Any CPU.Build.0 = Debug|Any CPU
		{97070A5B-AFE0-4522-9FB4-C6C687789C24}.Release|Any CPU.ActiveCfg = Release|Any CPU
		{97070A5B-AFE0-4522-9FB4-C6C687789C24}.Release|Any CPU.Build.0 = Release|Any CPU
	EndGlobalSection
	GlobalSection(SolutionProperties) = preSolution
		HideSolutionNode = FALSE
	EndGlobalSection
	GlobalSection(ExtensibilityGlobals) = postSolution
		SolutionGuid = {D7D35FA2-A0C8-4661-8FDA-A54FF3BFFF01}
	EndGlobalSection
EndGlobal
